
Microsoft Visual Studio Solution File, Format Version 12.00
# Visual Studio 14
VisualStudioVersion = 14.0.25123.0
MinimumVisualStudioVersion = 10.0.40219.1
Project("{FAE04EC0-301F-11D3-BF4B-00C04F79EFBC}") = "TogetherPaaS", "TogetherPaaS\TogetherPaaS.csproj", "{47378B46-7504-45A2-B829-250B96013B7B}"
EndProject
Project("{FAE04EC0-301F-11D3-BF4B-00C04F79EFBC}") = "api.TogetherPaaS", "api.TogetherPaaS\api.TogetherPaaS.csproj", "{8C18537F-C707-4636-8CE2-11CF69EB450E}"
EndProject
Global
	GlobalSection(SolutionConfigurationPlatforms) = preSolution
		Debug|Any CPU = Debug|Any CPU
		Release|Any CPU = Release|Any CPU
	EndGlobalSection
	GlobalSection(ProjectConfigurationPlatforms) = postSolution
		{47378B46-7504-45A2-B829-250B96013B7B}.Debug|Any CPU.ActiveCfg = Debug|Any CPU
		{47378B46-7504-45A2-B829-250B96013B7B}.Debug|Any CPU.Build.0 = Debug|Any CPU
		{47378B46-7504-45A2-B829-250B96013B7B}.Release|Any CPU.ActiveCfg = Release|Any CPU
		{47378B46-7504-45A2-B829-250B96013B7B}.Release|Any CPU.Build.0 = Release|Any CPU
		{8C18537F-C707-4636-8CE2-11CF69EB450E}.Debug|Any CPU.ActiveCfg = Debug|Any CPU
		{8C18537F-C707-4636-8CE2-11CF69EB450E}.Debug|Any CPU.Build.0 = Debug|Any CPU
		{8C18537F-C707-4636-8CE2-11CF69EB450E}.Release|Any CPU.ActiveCfg = Release|Any CPU
		{8C18537F-C707-4636-8CE2-11CF69EB450E}.Release|Any CPU.Build.0 = Release|Any CPU
	EndGlobalSection
	GlobalSection(SolutionProperties) = preSolution
		HideSolutionNode = FALSE
	EndGlobalSection
EndGlobal
